
Microsoft Visual Studio Solution File, Format Version 12.00
# Visual Studio 15
VisualStudioVersion = 15.0.28010.2050
MinimumVisualStudioVersion = 10.0.40219.1
Project("{FAE04EC0-301F-11D3-BF4B-00C04F79EFBC}") = "Bakery Management System", "Bakery Management System.csproj", "{57178A4B-A9C4-41AA-93D5-1070A8B98F48}"
EndProject
Global
	GlobalSection(SolutionConfigurationPlatforms) = preSolution
		Debug|Any CPU = Debug|Any CPU
		Release|Any CPU = Release|Any CPU
	EndGlobalSection
	GlobalSection(ProjectConfigurationPlatforms) = postSolution
		{57178A4B-A9C4-41AA-93D5-1070A8B98F48}.Debug|Any CPU.ActiveCfg = Debug|Any CPU
		{57178A4B-A9C4-41AA-93D5-1070A8B98F48}.Debug|Any CPU.Build.0 = Debug|Any CPU
		{57178A4B-A9C4-41AA-93D5-1070A8B98F48}.Release|Any CPU.ActiveCfg = Release|Any CPU
		{57178A4B-A9C4-41AA-93D5-1070A8B98F48}.Release|Any CPU.Build.0 = Release|Any CPU
	EndGlobalSection
	GlobalSection(SolutionProperties) = preSolution
		HideSolutionNode = FALSE
	EndGlobalSection
	GlobalSection(ExtensibilityGlobals) = postSolution
		SolutionGuid = {F6CD9812-D472-4D3B-A8AE-6D031D39AA9D}
	EndGlobalSection
EndGlobal
